
Microsoft Visual Studio Solution File, Format Version 12.00
# Visual Studio Version 17
VisualStudioVersion = 17.7.34031.279
MinimumVisualStudioVersion = 10.0.40219.1
Project("{9A19103F-16F7-4668-BE54-9A1E7A4F7556}") = "TM.Desktop", "TM.Desktop.csproj", "{9B1ABE33-052B-42D4-8419-1A68AE2B41F5}"
EndProject
Global
	GlobalSection(SolutionConfigurationPlatforms) = preSolution
		Debug|Any CPU = Debug|Any CPU
		Release|Any CPU = Release|Any CPU
	EndGlobalSection
	GlobalSection(ProjectConfigurationPlatforms) = postSolution
		{9B1ABE33-052B-42D4-8419-1A68AE2B41F5}.Debug|Any CPU.ActiveCfg = Debug|Any CPU
		{9B1ABE33-052B-42D4-8419-1A68AE2B41F5}.Debug|Any CPU.Build.0 = Debug|Any CPU
		{9B1ABE33-052B-42D4-8419-1A68AE2B41F5}.Release|Any CPU.ActiveCfg = Release|Any CPU
		{9B1ABE33-052B-42D4-8419-1A68AE2B41F5}.Release|Any CPU.Build.0 = Release|Any CPU
	EndGlobalSection
	GlobalSection(SolutionProperties) = preSolution
		HideSolutionNode = FALSE
	EndGlobalSection
	GlobalSection(ExtensibilityGlobals) = postSolution
		SolutionGuid = {BC36B45B-1AC2-4954-9C42-E3B69037DB40}
	EndGlobalSection
EndGlobal
